
Microsoft Visual Studio Solution File, Format Version 12.00
# Visual Studio Version 17
VisualStudioVersion = 17.0.32014.148
MinimumVisualStudioVersion = 10.0.40219.1
Project("{FAE04EC0-301F-11D3-BF4B-00C04F79EFBC}") = "MyFirstMobileApp.Android", "MyFirstMobileApp\MyFirstMobileApp.Android\MyFirstMobileApp.Android.csproj", "{1BA96920-AA26-4E2F-8E19-3EB8EAF13EA6}"
EndProject
Project("{FAE04EC0-301F-11D3-BF4B-00C04F79EFBC}") = "MyFirstMobileApp.iOS", "MyFirstMobileApp\MyFirstMobileApp.iOS\MyFirstMobileApp.iOS.csproj", "{1DEE9D93-7188-4CB2-A3FD-4CC227DC31C7}"
EndProject
Project("{FAE04EC0-301F-11D3-BF4B-00C04F79EFBC}") = "MyFirstMobileApp", "MyFirstMobileApp\MyFirstMobileApp\MyFirstMobileApp.csproj", "{EB94F827-963A-439A-BA60-9D2203DE9FE0}"
EndProject
Global
	GlobalSection(SolutionConfigurationPlatforms) = preSolution
		Debug|Any CPU = Debug|Any CPU
		Debug|iPhone = Debug|iPhone
		Debug|iPhoneSimulator = Debug|iPhoneSimulator
		Release|Any CPU = Release|Any CPU
		Release|iPhone = Release|iPhone
		Release|iPhoneSimulator = Release|iPhoneSimulator
	EndGlobalSection
	GlobalSection(ProjectConfigurationPlatforms) = postSolution
		{1BA96920-AA26-4E2F-8E19-3EB8EAF13EA6}.Debug|Any CPU.ActiveCfg = Debug|Any CPU
		{1BA96920-AA26-4E2F-8E19-3EB8EAF13EA6}.Debug|Any CPU.Build.0 = Debug|Any CPU
		{1BA96920-AA26-4E2F-8E19-3EB8EAF13EA6}.Debug|Any CPU.Deploy.0 = Debug|Any CPU
		{1BA96920-AA26-4E2F-8E19-3EB8EAF13EA6}.Debug|iPhone.ActiveCfg = Debug|Any CPU
		{1BA96920-AA26-4E2F-8E19-3EB8EAF13EA6}.Debug|iPhone.Build.0 = Debug|Any CPU
		{1BA96920-AA26-4E2F-8E19-3EB8EAF13EA6}.Debug|iPhone.Deploy.0 = Debug|Any CPU
		{1BA96920-AA26-4E2F-8E19-3EB8EAF13EA6}.Debug|iPhoneSimulator.ActiveCfg = Debug|Any CPU
		{1BA96920-AA26-4E2F-8E19-3EB8EAF13EA6}.Debug|iPhoneSimulator.Build.0 = Debug|Any CPU
		{1BA96920-AA26-4E2F-8E19-3EB8EAF13EA6}.Debug|iPhoneSimulator.Deploy.0 = Debug|Any CPU
		{1BA96920-AA26-4E2F-8E19-3EB8EAF13EA6}.Release|Any CPU.ActiveCfg = Release|Any CPU
		{1BA96920-AA26-4E2F-8E19-3EB8EAF13EA6}.Release|Any CPU.Build.0 = Release|Any CPU
		{1BA96920-AA26-4E2F-8E19-3EB8EAF13EA6}.Release|Any CPU.Deploy.0 = Release|Any CPU
		{1BA96920-AA26-4E2F-8E19-3EB8EAF13EA6}.Release|iPhone.ActiveCfg = Release|Any CPU
		{1BA96920-AA26-4E2F-8E19-3EB8EAF13EA6}.Release|iPhone.Build.0 = Release|Any CPU
		{1BA96920-AA26-4E2F-8E19-3EB8EAF13EA6}.Release|iPhone.Deploy.0 = Release|Any CPU
		{1BA96920-AA26-4E2F-8E19-3EB8EAF13EA6}.Release|iPhoneSimulator.ActiveCfg = Release|Any CPU
		{1BA96920-AA26-4E2F-8E19-3EB8EAF13EA6}.Release|iPhoneSimulator.Build.0 = Release|Any CPU
		{1BA96920-AA26-4E2F-8E19-3EB8EAF13EA6}.Release|iPhoneSimulator.Deploy.0 = Release|Any CPU
		{1DEE9D93-7188-4CB2-A3FD-4CC227DC31C7}.Debug|Any CPU.ActiveCfg = Debug|iPhone
		{1DEE9D93-7188-4CB2-A3FD-4CC227DC31C7}.Debug|Any CPU.Build.0 = Debug|iPhone
		{1DEE9D93-7188-4CB2-A3FD-4CC227DC31C7}.Debug|Any CPU.Deploy.0 = Debug|iPhone
		{1DEE9D93-7188-4CB2-A3FD-4CC227DC31C7}.Debug|iPhone.ActiveCfg = Debug|iPhone
		{1DEE9D93-7188-4CB2-A3FD-4CC227DC31C7}.Debug|iPhone.Build.0 = Debug|iPhone
		{1DEE9D93-7188-4CB2-A3FD-4CC227DC31C7}.Debug|iPhone.Deploy.0 = Debug|iPhone
		{1DEE9D93-7188-4CB2-A3FD-4CC227DC31C7}.Debug|iPhoneSimulator.ActiveCfg = Debug|iPhoneSimulator
		{1DEE9D93-7188-4CB2-A3FD-4CC227DC31C7}.Debug|iPhoneSimulator.Build.0 = Debug|iPhoneSimulator
		{1DEE9D93-7188-4CB2-A3FD-4CC227DC31C7}.Debug|iPhoneSimulator.Deploy.0 = Debug|iPhoneSimulator
		{1DEE9D93-7188-4CB2-A3FD-4CC227DC31C7}.Release|Any CPU.ActiveCfg = Release|iPhoneSimulator
		{1DEE9D93-7188-4CB2-A3FD-4CC227DC31C7}.Release|Any CPU.Build.0 = Release|iPhoneSimulator
		{1DEE9D93-7188-4CB2-A3FD-4CC227DC31C7}.Release|Any CPU.Deploy.0 = Release|iPhoneSimulator
		{1DEE9D93-7188-4CB2-A3FD-4CC227DC31C7}.Release|iPhone.ActiveCfg = Release|iPhone
		{1DEE9D93-7188-4CB2-A3FD-4CC227DC31C7}.Release|iPhone.Build.0 = Release|iPhone
		{1DEE9D93-7188-4CB2-A3FD-4CC227DC31C7}.Release|iPhone.Deploy.0 = Release|iPhone
		{1DEE9D93-7188-4CB2-A3FD-4CC227DC31C7}.Release|iPhoneSimulator.ActiveCfg = Release|iPhoneSimulator
		{1DEE9D93-7188-4CB2-A3FD-4CC227DC31C7}.Release|iPhoneSimulator.Build.0 = Release|iPhoneSimulator
		{1DEE9D93-7188-4CB2-A3FD-4CC227DC31C7}.Release|iPhoneSimulator.Deploy.0 = Release|iPhoneSimulator
		{EB94F827-963A-439A-BA60-9D2203DE9FE0}.Debug|Any CPU.ActiveCfg = Debug|Any CPU
		{EB94F827-963A-439A-BA60-9D2203DE9FE0}.Debug|Any CPU.Build.0 = Debug|Any CPU
		{EB94F827-963A-439A-BA60-9D2203DE9FE0}.Debug|Any CPU.Deploy.0 = Debug|Any CPU
		{EB94F827-963A-439A-BA60-9D2203DE9FE0}.Debug|iPhone.ActiveCfg = Debug|Any CPU
		{EB94F827-963A-439A-BA60-9D2203DE9FE0}.Debug|iPhone.Build.0 = Debug|Any CPU
		{EB94F827-963A-439A-BA60-9D2203DE9FE0}.Debug|iPhone.Deploy.0 = Debug|Any CPU
		{EB94F827-963A-439A-BA60-9D2203DE9FE0}.Debug|iPhoneSimulator.ActiveCfg = Debug|Any CPU
		{EB94F827-963A-439A-BA60-9D2203DE9FE0}.Debug|iPhoneSimulator.Build.0 = Debug|Any CPU
		{EB94F827-963A-439A-BA60-9D2203DE9FE0}.Debug|iPhoneSimulator.Deploy.0 = Debug|Any CPU
		{EB94F827-963A-439A-BA60-9D2203DE9FE0}.Release|Any CPU.ActiveCfg = Release|Any CPU
		{EB94F827-963A-439A-BA60-9D2203DE9FE0}.Release|Any CPU.Build.0 = Release|Any CPU
		{EB94F827-963A-439A-BA60-9D2203DE9FE0}.Release|Any CPU.Deploy.0 = Release|Any CPU
		{EB94F827-963A-439A-BA60-9D2203DE9FE0}.Release|iPhone.ActiveCfg = Release|Any CPU
		{EB94F827-963A-439A-BA60-9D2203DE9FE0}.Release|iPhone.Build.0 = Release|Any CPU
		{EB94F827-963A-439A-BA60-9D2203DE9FE0}.Release|iPhone.Deploy.0 = Release|Any CPU
		{EB94F827-963A-439A-BA60-9D2203DE9FE0}.Release|iPhoneSimulator.ActiveCfg = Release|Any CPU
		{EB94F827-963A-439A-BA60-9D2203DE9FE0}.Release|iPhoneSimulator.Build.0 = Release|Any CPU
		{EB94F827-963A-439A-BA60-9D2203DE9FE0}.Release|iPhoneSimulator.Deploy.0 = Release|Any CPU
	EndGlobalSection
	GlobalSection(SolutionProperties) = preSolution
		HideSolutionNode = FALSE
	EndGlobalSection
	GlobalSection(ExtensibilityGlobals) = postSolution
		SolutionGuid = {94F13B2A-8DDE-46DC-A8BC-361B647B71EE}
	EndGlobalSection
EndGlobal
