
Microsoft Visual Studio Solution File, Format Version 12.00
# Visual Studio Version 17
VisualStudioVersion = 17.0.32014.148
MinimumVisualStudioVersion = 10.0.40219.1
Project("{FAE04EC0-301F-11D3-BF4B-00C04F79EFBC}") = "App1.Android", "App1\App1.Android\App1.Android.csproj", "{B752F8D9-91A4-4A1B-A047-255C7B9CB4C7}"
EndProject
Project("{FAE04EC0-301F-11D3-BF4B-00C04F79EFBC}") = "App1.iOS", "App1\App1.iOS\App1.iOS.csproj", "{00EFBC9B-25E7-4606-96A6-2CC4A5988555}"
EndProject
Project("{FAE04EC0-301F-11D3-BF4B-00C04F79EFBC}") = "App1", "App1\App1\App1.csproj", "{D1FF487A-34E3-41A4-8C64-3DC6BA728DD1}"
EndProject
Global
	GlobalSection(SolutionConfigurationPlatforms) = preSolution
		Debug|Any CPU = Debug|Any CPU
		Debug|iPhone = Debug|iPhone
		Debug|iPhoneSimulator = Debug|iPhoneSimulator
		Release|Any CPU = Release|Any CPU
		Release|iPhone = Release|iPhone
		Release|iPhoneSimulator = Release|iPhoneSimulator
	EndGlobalSection
	GlobalSection(ProjectConfigurationPlatforms) = postSolution
		{B752F8D9-91A4-4A1B-A047-255C7B9CB4C7}.Debug|Any CPU.ActiveCfg = Debug|Any CPU
		{B752F8D9-91A4-4A1B-A047-255C7B9CB4C7}.Debug|Any CPU.Build.0 = Debug|Any CPU
		{B752F8D9-91A4-4A1B-A047-255C7B9CB4C7}.Debug|Any CPU.Deploy.0 = Debug|Any CPU
		{B752F8D9-91A4-4A1B-A047-255C7B9CB4C7}.Debug|iPhone.ActiveCfg = Debug|Any CPU
		{B752F8D9-91A4-4A1B-A047-255C7B9CB4C7}.Debug|iPhone.Build.0 = Debug|Any CPU
		{B752F8D9-91A4-4A1B-A047-255C7B9CB4C7}.Debug|iPhone.Deploy.0 = Debug|Any CPU
		{B752F8D9-91A4-4A1B-A047-255C7B9CB4C7}.Debug|iPhoneSimulator.ActiveCfg = Debug|Any CPU
		{B752F8D9-91A4-4A1B-A047-255C7B9CB4C7}.Debug|iPhoneSimulator.Build.0 = Debug|Any CPU
		{B752F8D9-91A4-4A1B-A047-255C7B9CB4C7}.Debug|iPhoneSimulator.Deploy.0 = Debug|Any CPU
		{B752F8D9-91A4-4A1B-A047-255C7B9CB4C7}.Release|Any CPU.ActiveCfg = Release|Any CPU
		{B752F8D9-91A4-4A1B-A047-255C7B9CB4C7}.Release|Any CPU.Build.0 = Release|Any CPU
		{B752F8D9-91A4-4A1B-A047-255C7B9CB4C7}.Release|Any CPU.Deploy.0 = Release|Any CPU
		{B752F8D9-91A4-4A1B-A047-255C7B9CB4C7}.Release|iPhone.ActiveCfg = Release|Any CPU
		{B752F8D9-91A4-4A1B-A047-255C7B9CB4C7}.Release|iPhone.Build.0 = Release|Any CPU
		{B752F8D9-91A4-4A1B-A047-255C7B9CB4C7}.Release|iPhone.Deploy.0 = Release|Any CPU
		{B752F8D9-91A4-4A1B-A047-255C7B9CB4C7}.Release|iPhoneSimulator.ActiveCfg = Release|Any CPU
		{B752F8D9-91A4-4A1B-A047-255C7B9CB4C7}.Release|iPhoneSimulator.Build.0 = Release|Any CPU
		{B752F8D9-91A4-4A1B-A047-255C7B9CB4C7}.Release|iPhoneSimulator.Deploy.0 = Release|Any CPU
		{00EFBC9B-25E7-4606-96A6-2CC4A5988555}.Debug|Any CPU.ActiveCfg = Debug|iPhone
		{00EFBC9B-25E7-4606-96A6-2CC4A5988555}.Debug|Any CPU.Build.0 = Debug|iPhone
		{00EFBC9B-25E7-4606-96A6-2CC4A5988555}.Debug|Any CPU.Deploy.0 = Debug|iPhone
		{00EFBC9B-25E7-4606-96A6-2CC4A5988555}.Debug|iPhone.ActiveCfg = Debug|iPhone
		{00EFBC9B-25E7-4606-96A6-2CC4A5988555}.Debug|iPhone.Build.0 = Debug|iPhone
		{00EFBC9B-25E7-4606-96A6-2CC4A5988555}.Debug|iPhone.Deploy.0 = Debug|iPhone
		{00EFBC9B-25E7-4606-96A6-2CC4A5988555}.Debug|iPhoneSimulator.ActiveCfg = Debug|iPhoneSimulator
		{00EFBC9B-25E7-4606-96A6-2CC4A5988555}.Debug|iPhoneSimulator.Build.0 = Debug|iPhoneSimulator
		{00EFBC9B-25E7-4606-96A6-2CC4A5988555}.Debug|iPhoneSimulator.Deploy.0 = Debug|iPhoneSimulator
		{00EFBC9B-25E7-4606-96A6-2CC4A5988555}.Release|Any CPU.ActiveCfg = Release|iPhoneSimulator
		{00EFBC9B-25E7-4606-96A6-2CC4A5988555}.Release|Any CPU.Build.0 = Release|iPhoneSimulator
		{00EFBC9B-25E7-4606-96A6-2CC4A5988555}.Release|Any CPU.Deploy.0 = Release|iPhoneSimulator
		{00EFBC9B-25E7-4606-96A6-2CC4A5988555}.Release|iPhone.ActiveCfg = Release|iPhone
		{00EFBC9B-25E7-4606-96A6-2CC4A5988555}.Release|iPhone.Build.0 = Release|iPhone
		{00EFBC9B-25E7-4606-96A6-2CC4A5988555}.Release|iPhone.Deploy.0 = Release|iPhone
		{00EFBC9B-25E7-4606-96A6-2CC4A5988555}.Release|iPhoneSimulator.ActiveCfg = Release|iPhoneSimulator
		{00EFBC9B-25E7-4606-96A6-2CC4A5988555}.Release|iPhoneSimulator.Build.0 = Release|iPhoneSimulator
		{00EFBC9B-25E7-4606-96A6-2CC4A5988555}.Release|iPhoneSimulator.Deploy.0 = Release|iPhoneSimulator
		{D1FF487A-34E3-41A4-8C64-3DC6BA728DD1}.Debug|Any CPU.ActiveCfg = Debug|Any CPU
		{D1FF487A-34E3-41A4-8C64-3DC6BA728DD1}.Debug|Any CPU.Build.0 = Debug|Any CPU
		{D1FF487A-34E3-41A4-8C64-3DC6BA728DD1}.Debug|Any CPU.Deploy.0 = Debug|Any CPU
		{D1FF487A-34E3-41A4-8C64-3DC6BA728DD1}.Debug|iPhone.ActiveCfg = Debug|Any CPU
		{D1FF487A-34E3-41A4-8C64-3DC6BA728DD1}.Debug|iPhone.Build.0 = Debug|Any CPU
		{D1FF487A-34E3-41A4-8C64-3DC6BA728DD1}.Debug|iPhone.Deploy.0 = Debug|Any CPU
		{D1FF487A-34E3-41A4-8C64-3DC6BA728DD1}.Debug|iPhoneSimulator.ActiveCfg = Debug|Any CPU
		{D1FF487A-34E3-41A4-8C64-3DC6BA728DD1}.Debug|iPhoneSimulator.Build.0 = Debug|Any CPU
		{D1FF487A-34E3-41A4-8C64-3DC6BA728DD1}.Debug|iPhoneSimulator.Deploy.0 = Debug|Any CPU
		{D1FF487A-34E3-41A4-8C64-3DC6BA728DD1}.Release|Any CPU.ActiveCfg = Release|Any CPU
		{D1FF487A-34E3-41A4-8C64-3DC6BA728DD1}.Release|Any CPU.Build.0 = Release|Any CPU
		{D1FF487A-34E3-41A4-8C64-3DC6BA728DD1}.Release|Any CPU.Deploy.0 = Release|Any CPU
		{D1FF487A-34E3-41A4-8C64-3DC6BA728DD1}.Release|iPhone.ActiveCfg = Release|Any CPU
		{D1FF487A-34E3-41A4-8C64-3DC6BA728DD1}.Release|iPhone.Build.0 = Release|Any CPU
		{D1FF487A-34E3-41A4-8C64-3DC6BA728DD1}.Release|iPhone.Deploy.0 = Release|Any CPU
		{D1FF487A-34E3-41A4-8C64-3DC6BA728DD1}.Release|iPhoneSimulator.ActiveCfg = Release|Any CPU
		{D1FF487A-34E3-41A4-8C64-3DC6BA728DD1}.Release|iPhoneSimulator.Build.0 = Release|Any CPU
		{D1FF487A-34E3-41A4-8C64-3DC6BA728DD1}.Release|iPhoneSimulator.Deploy.0 = Release|Any CPU
	EndGlobalSection
	GlobalSection(SolutionProperties) = preSolution
		HideSolutionNode = FALSE
	EndGlobalSection
	GlobalSection(ExtensibilityGlobals) = postSolution
		SolutionGuid = {3B98BFB6-C695-467D-96B0-E0009CC00A07}
	EndGlobalSection
EndGlobal
